// !$*UTF8*$!
{
	archiveVersion = 1;
	classes = {
	};
	objectVersion = 56;
	objects = {

/* Begin PBXBuildFile section */
		D81F97942C912205004A9193 /* ProfileModel.swift in Sources */ = {isa = PBXBuildFile; fileRef = D81F97932C912205004A9193 /* ProfileModel.swift */; };
		D84392E62C92140D005E03C8 /* ProfileEditView.swift in Sources */ = {isa = PBXBuildFile; fileRef = D84392E52C92140D005E03C8 /* ProfileEditView.swift */; };
		D85BF1D92C93505B0077CE7C /* QuestsBoardsInfoView.swift in Sources */ = {isa = PBXBuildFile; fileRef = D85BF1D82C93505B0077CE7C /* QuestsBoardsInfoView.swift */; };
		D85BF1DC2C93556E0077CE7C /* statData.json in Resources */ = {isa = PBXBuildFile; fileRef = D85BF1DB2C93556E0077CE7C /* statData.json */; };
		D85BF1DE2C9355820077CE7C /* profileData.json in Resources */ = {isa = PBXBuildFile; fileRef = D85BF1DD2C9355820077CE7C /* profileData.json */; };
		D85BF1E02C9356810077CE7C /* ProfileViewModel.swift in Sources */ = {isa = PBXBuildFile; fileRef = D85BF1DF2C9356810077CE7C /* ProfileViewModel.swift */; };
		D89200B42C94927B00585620 /* questStats.json in Resources */ = {isa = PBXBuildFile; fileRef = D89200B32C94927B00585620 /* questStats.json */; };
		D89200B62C9493FF00585620 /* QuestViewModel.swift in Sources */ = {isa = PBXBuildFile; fileRef = D89200B52C9493FF00585620 /* QuestViewModel.swift */; };
		FB275C512C90AF61007DBD5C /* ThingsViewApp.swift in Sources */ = {isa = PBXBuildFile; fileRef = FB275C502C90AF61007DBD5C /* ThingsViewApp.swift */; };
		FB275C532C90AF61007DBD5C /* QuestsView.swift in Sources */ = {isa = PBXBuildFile; fileRef = FB275C522C90AF61007DBD5C /* QuestsView.swift */; };
		FB275C552C90AF62007DBD5C /* Assets.xcassets in Resources */ = {isa = PBXBuildFile; fileRef = FB275C542C90AF62007DBD5C /* Assets.xcassets */; };
		FB275C582C90AF62007DBD5C /* Preview Assets.xcassets in Resources */ = {isa = PBXBuildFile; fileRef = FB275C572C90AF62007DBD5C /* Preview Assets.xcassets */; };
		FB275C5F2C90AF86007DBD5C /* ApplicationView.swift in Sources */ = {isa = PBXBuildFile; fileRef = FB275C5E2C90AF86007DBD5C /* ApplicationView.swift */; };
		FB275C612C90B132007DBD5C /* QuestBoardsView.swift in Sources */ = {isa = PBXBuildFile; fileRef = FB275C602C90B132007DBD5C /* QuestBoardsView.swift */; };
		FB275C632C90B1A0007DBD5C /* HomeView.swift in Sources */ = {isa = PBXBuildFile; fileRef = FB275C622C90B1A0007DBD5C /* HomeView.swift */; };
		FB275C662C90B221007DBD5C /* StatsView.swift in Sources */ = {isa = PBXBuildFile; fileRef = FB275C652C90B221007DBD5C /* StatsView.swift */; };
		FB275C682C90B23F007DBD5C /* ProfileView.swift in Sources */ = {isa = PBXBuildFile; fileRef = FB275C672C90B23F007DBD5C /* ProfileView.swift */; };
		FBAF5F2F2C9346C4004881F3 /* StatModel.swift in Sources */ = {isa = PBXBuildFile; fileRef = FBAF5F2E2C9346C4004881F3 /* StatModel.swift */; };
		FBAF5F382C9347B4004881F3 /* StatDetail.swift in Sources */ = {isa = PBXBuildFile; fileRef = FBAF5F362C9347B4004881F3 /* StatDetail.swift */; };
		FBAF5F392C9347B4004881F3 /* StatViewModel.swift in Sources */ = {isa = PBXBuildFile; fileRef = FBAF5F372C9347B4004881F3 /* StatViewModel.swift */; };
		FBE13AA32C91F7C300D20908 /* Quest.swift in Sources */ = {isa = PBXBuildFile; fileRef = FBE13AA22C91F7C300D20908 /* Quest.swift */; };
		FBE13AA52C91F8B800D20908 /* QuestsInfoViews.swift in Sources */ = {isa = PBXBuildFile; fileRef = FBE13AA42C91F8B800D20908 /* QuestsInfoViews.swift */; };
		FBE13AA82C91FB5B00D20908 /* SingleQuest.swift in Sources */ = {isa = PBXBuildFile; fileRef = FBE13AA72C91FB5B00D20908 /* SingleQuest.swift */; };
/* End PBXBuildFile section */

/* Begin PBXFileReference section */
		D81F97932C912205004A9193 /* ProfileModel.swift */ = {isa = PBXFileReference; lastKnownFileType = sourcecode.swift; path = ProfileModel.swift; sourceTree = "<group>"; };
		D84392E52C92140D005E03C8 /* ProfileEditView.swift */ = {isa = PBXFileReference; lastKnownFileType = sourcecode.swift; path = ProfileEditView.swift; sourceTree = "<group>"; };
		D85BF1D82C93505B0077CE7C /* QuestsBoardsInfoView.swift */ = {isa = PBXFileReference; lastKnownFileType = sourcecode.swift; path = QuestsBoardsInfoView.swift; sourceTree = "<group>"; };
		D85BF1DB2C93556E0077CE7C /* statData.json */ = {isa = PBXFileReference; fileEncoding = 4; lastKnownFileType = text.json; path = statData.json; sourceTree = "<group>"; };
		D85BF1DD2C9355820077CE7C /* profileData.json */ = {isa = PBXFileReference; fileEncoding = 4; lastKnownFileType = text.json; path = profileData.json; sourceTree = "<group>"; };
		D85BF1DF2C9356810077CE7C /* ProfileViewModel.swift */ = {isa = PBXFileReference; lastKnownFileType = sourcecode.swift; path = ProfileViewModel.swift; sourceTree = "<group>"; };
		D89200B32C94927B00585620 /* questStats.json */ = {isa = PBXFileReference; fileEncoding = 4; lastKnownFileType = text.json; path = questStats.json; sourceTree = "<group>"; };
		D89200B52C9493FF00585620 /* QuestViewModel.swift */ = {isa = PBXFileReference; lastKnownFileType = sourcecode.swift; path = QuestViewModel.swift; sourceTree = "<group>"; };
		FB275C4D2C90AF61007DBD5C /* ProjectPulse.app */ = {isa = PBXFileReference; explicitFileType = wrapper.application; includeInIndex = 0; path = ProjectPulse.app; sourceTree = BUILT_PRODUCTS_DIR; };
		FB275C502C90AF61007DBD5C /* ThingsViewApp.swift */ = {isa = PBXFileReference; lastKnownFileType = sourcecode.swift; path = ThingsViewApp.swift; sourceTree = "<group>"; };
		FB275C522C90AF61007DBD5C /* QuestsView.swift */ = {isa = PBXFileReference; lastKnownFileType = sourcecode.swift; path = QuestsView.swift; sourceTree = "<group>"; };
		FB275C542C90AF62007DBD5C /* Assets.xcassets */ = {isa = PBXFileReference; lastKnownFileType = folder.assetcatalog; path = Assets.xcassets; sourceTree = "<group>"; };
		FB275C572C90AF62007DBD5C /* Preview Assets.xcassets */ = {isa = PBXFileReference; lastKnownFileType = folder.assetcatalog; path = "Preview Assets.xcassets"; sourceTree = "<group>"; };
		FB275C5E2C90AF86007DBD5C /* ApplicationView.swift */ = {isa = PBXFileReference; lastKnownFileType = sourcecode.swift; path = ApplicationView.swift; sourceTree = "<group>"; };
		FB275C602C90B132007DBD5C /* QuestBoardsView.swift */ = {isa = PBXFileReference; lastKnownFileType = sourcecode.swift; path = QuestBoardsView.swift; sourceTree = "<group>"; };
		FB275C622C90B1A0007DBD5C /* HomeView.swift */ = {isa = PBXFileReference; lastKnownFileType = sourcecode.swift; path = HomeView.swift; sourceTree = "<group>"; };
		FB275C652C90B221007DBD5C /* StatsView.swift */ = {isa = PBXFileReference; lastKnownFileType = sourcecode.swift; path = StatsView.swift; sourceTree = "<group>"; };
		FB275C672C90B23F007DBD5C /* ProfileView.swift */ = {isa = PBXFileReference; lastKnownFileType = sourcecode.swift; path = ProfileView.swift; sourceTree = "<group>"; };
		FBAF5F2E2C9346C4004881F3 /* StatModel.swift */ = {isa = PBXFileReference; lastKnownFileType = sourcecode.swift; path = StatModel.swift; sourceTree = "<group>"; };
		FBAF5F362C9347B4004881F3 /* StatDetail.swift */ = {isa = PBXFileReference; fileEncoding = 4; lastKnownFileType = sourcecode.swift; path = StatDetail.swift; sourceTree = "<group>"; };
		FBAF5F372C9347B4004881F3 /* StatViewModel.swift */ = {isa = PBXFileReference; fileEncoding = 4; lastKnownFileType = sourcecode.swift; path = StatViewModel.swift; sourceTree = "<group>"; };
		FBE13AA22C91F7C300D20908 /* Quest.swift */ = {isa = PBXFileReference; lastKnownFileType = sourcecode.swift; path = Quest.swift; sourceTree = "<group>"; };
		FBE13AA42C91F8B800D20908 /* QuestsInfoViews.swift */ = {isa = PBXFileReference; lastKnownFileType = sourcecode.swift; path = QuestsInfoViews.swift; sourceTree = "<group>"; };
		FBE13AA72C91FB5B00D20908 /* SingleQuest.swift */ = {isa = PBXFileReference; lastKnownFileType = sourcecode.swift; path = SingleQuest.swift; sourceTree = "<group>"; };
/* End PBXFileReference section */

/* Begin PBXFrameworksBuildPhase section */
		FB275C4A2C90AF61007DBD5C /* Frameworks */ = {
			isa = PBXFrameworksBuildPhase;
			buildActionMask = 2147483647;
			files = (
			);
			runOnlyForDeploymentPostprocessing = 0;
		};
/* End PBXFrameworksBuildPhase section */

/* Begin PBXGroup section */
		D81F978E2C9120E2004A9193 /* Quest Views */ = {
			isa = PBXGroup;
			children = (
				D89200B32C94927B00585620 /* questStats.json */,
				FBE13AA72C91FB5B00D20908 /* SingleQuest.swift */,
				FBE13AA42C91F8B800D20908 /* QuestsInfoViews.swift */,
				D85BF1D82C93505B0077CE7C /* QuestsBoardsInfoView.swift */,
				D89200B52C9493FF00585620 /* QuestViewModel.swift */,
			);
			path = "Quest Views";
			sourceTree = "<group>";
		};
		D81F97922C9121EC004A9193 /* Model */ = {
			isa = PBXGroup;
			children = (
				D85BF1DA2C93534F0077CE7C /* Loaders */,
				D81F97932C912205004A9193 /* ProfileModel.swift */,
				FBE13AA22C91F7C300D20908 /* Quest.swift */,
				FBAF5F2E2C9346C4004881F3 /* StatModel.swift */,
			);
			path = Model;
			sourceTree = "<group>";
		};
		D84392E72C92B884005E03C8 /* Profile Views */ = {
			isa = PBXGroup;
			children = (
				D84392E52C92140D005E03C8 /* ProfileEditView.swift */,
				D85BF1DF2C9356810077CE7C /* ProfileViewModel.swift */,
			);
			path = "Profile Views";
			sourceTree = "<group>";
		};
		D85BF1DA2C93534F0077CE7C /* Loaders */ = {
			isa = PBXGroup;
			children = (
			);
			path = Loaders;
			sourceTree = "<group>";
		};
		D85BF1E12C93AD5A0077CE7C /* Resources */ = {
			isa = PBXGroup;
			children = (
				D85BF1DD2C9355820077CE7C /* profileData.json */,
			);
			path = Resources;
			sourceTree = "<group>";
		};
		FB275C442C90AF61007DBD5C = {
			isa = PBXGroup;
			children = (
				FB275C4F2C90AF61007DBD5C /* ThingsView */,
				FB275C4E2C90AF61007DBD5C /* Products */,
			);
			sourceTree = "<group>";
		};
		FB275C4E2C90AF61007DBD5C /* Products */ = {
			isa = PBXGroup;
			children = (
				FB275C4D2C90AF61007DBD5C /* ProjectPulse.app */,
			);
			name = Products;
			sourceTree = "<group>";
		};
		FB275C4F2C90AF61007DBD5C /* ThingsView */ = {
			isa = PBXGroup;
			children = (
				FB275C502C90AF61007DBD5C /* ThingsViewApp.swift */,
				FB275C5E2C90AF86007DBD5C /* ApplicationView.swift */,
				FB275C642C90B1FA007DBD5C /* Views */,
				D81F97922C9121EC004A9193 /* Model */,
				D85BF1E12C93AD5A0077CE7C /* Resources */,
				FB275C542C90AF62007DBD5C /* Assets.xcassets */,
				FB275C562C90AF62007DBD5C /* Preview Content */,
			);
			path = ThingsView;
			sourceTree = "<group>";
		};
		FB275C562C90AF62007DBD5C /* Preview Content */ = {
			isa = PBXGroup;
			children = (
				FB275C572C90AF62007DBD5C /* Preview Assets.xcassets */,
			);
			path = "Preview Content";
			sourceTree = "<group>";
		};
		FB275C642C90B1FA007DBD5C /* Views */ = {
			isa = PBXGroup;
			children = (
				FB275C522C90AF61007DBD5C /* QuestsView.swift */,
				D81F978E2C9120E2004A9193 /* Quest Views */,
				FB275C602C90B132007DBD5C /* QuestBoardsView.swift */,
				FB275C622C90B1A0007DBD5C /* HomeView.swift */,
				FB275C652C90B221007DBD5C /* StatsView.swift */,
				FBAF5F312C934709004881F3 /* Stats View */,
				FB275C672C90B23F007DBD5C /* ProfileView.swift */,
				D84392E72C92B884005E03C8 /* Profile Views */,
			);
			path = Views;
			sourceTree = "<group>";
		};
		FBAF5F312C934709004881F3 /* Stats View */ = {
			isa = PBXGroup;
			children = (
				FBAF5F362C9347B4004881F3 /* StatDetail.swift */,
				FBAF5F372C9347B4004881F3 /* StatViewModel.swift */,
				D85BF1DB2C93556E0077CE7C /* statData.json */,
			);
			path = "Stats View";
			sourceTree = "<group>";
		};
/* End PBXGroup section */

/* Begin PBXNativeTarget section */
		FB275C4C2C90AF61007DBD5C /* ProjectPulse */ = {
			isa = PBXNativeTarget;
			buildConfigurationList = FB275C5B2C90AF62007DBD5C /* Build configuration list for PBXNativeTarget "ProjectPulse" */;
			buildPhases = (
				FB275C492C90AF61007DBD5C /* Sources */,
				FB275C4A2C90AF61007DBD5C /* Frameworks */,
				FB275C4B2C90AF61007DBD5C /* Resources */,
			);
			buildRules = (
			);
			dependencies = (
			);
			name = ProjectPulse;
			productName = ThingsView;
			productReference = FB275C4D2C90AF61007DBD5C /* ProjectPulse.app */;
			productType = "com.apple.product-type.application";
		};
/* End PBXNativeTarget section */

/* Begin PBXProject section */
		FB275C452C90AF61007DBD5C /* Project object */ = {
			isa = PBXProject;
			attributes = {
				BuildIndependentTargetsInParallel = 1;
				LastSwiftUpdateCheck = 1540;
				LastUpgradeCheck = 1540;
				TargetAttributes = {
					FB275C4C2C90AF61007DBD5C = {
						CreatedOnToolsVersion = 15.4;
					};
				};
			};
			buildConfigurationList = FB275C482C90AF61007DBD5C /* Build configuration list for PBXProject "ProjectPulse" */;
			compatibilityVersion = "Xcode 14.0";
			developmentRegion = en;
			hasScannedForEncodings = 0;
			knownRegions = (
				en,
				Base,
			);
			mainGroup = FB275C442C90AF61007DBD5C;
			productRefGroup = FB275C4E2C90AF61007DBD5C /* Products */;
			projectDirPath = "";
			projectRoot = "";
			targets = (
				FB275C4C2C90AF61007DBD5C /* ProjectPulse */,
			);
		};
/* End PBXProject section */

/* Begin PBXResourcesBuildPhase section */
		FB275C4B2C90AF61007DBD5C /* Resources */ = {
			isa = PBXResourcesBuildPhase;
			buildActionMask = 2147483647;
			files = (
				D89200B42C94927B00585620 /* questStats.json in Resources */,
				FB275C582C90AF62007DBD5C /* Preview Assets.xcassets in Resources */,
				D85BF1DE2C9355820077CE7C /* profileData.json in Resources */,
				D85BF1DC2C93556E0077CE7C /* statData.json in Resources */,
				FB275C552C90AF62007DBD5C /* Assets.xcassets in Resources */,
			);
			runOnlyForDeploymentPostprocessing = 0;
		};
/* End PBXResourcesBuildPhase section */

/* Begin PBXSourcesBuildPhase section */
		FB275C492C90AF61007DBD5C /* Sources */ = {
			isa = PBXSourcesBuildPhase;
			buildActionMask = 2147483647;
			files = (
				FBE13AA82C91FB5B00D20908 /* SingleQuest.swift in Sources */,
				D81F97942C912205004A9193 /* ProfileModel.swift in Sources */,
				FBAF5F392C9347B4004881F3 /* StatViewModel.swift in Sources */,
				FBE13AA52C91F8B800D20908 /* QuestsInfoViews.swift in Sources */,
				FB275C612C90B132007DBD5C /* QuestBoardsView.swift in Sources */,
				FB275C532C90AF61007DBD5C /* QuestsView.swift in Sources */,
				FBAF5F2F2C9346C4004881F3 /* StatModel.swift in Sources */,
				FBE13AA32C91F7C300D20908 /* Quest.swift in Sources */,
				FB275C662C90B221007DBD5C /* StatsView.swift in Sources */,
				D89200B62C9493FF00585620 /* QuestViewModel.swift in Sources */,
				FB275C512C90AF61007DBD5C /* ThingsViewApp.swift in Sources */,
				FB275C632C90B1A0007DBD5C /* HomeView.swift in Sources */,
				FB275C682C90B23F007DBD5C /* ProfileView.swift in Sources */,
				D85BF1D92C93505B0077CE7C /* QuestsBoardsInfoView.swift in Sources */,
				D85BF1E02C9356810077CE7C /* ProfileViewModel.swift in Sources */,
				D84392E62C92140D005E03C8 /* ProfileEditView.swift in Sources */,
				FBAF5F382C9347B4004881F3 /* StatDetail.swift in Sources */,
				FB275C5F2C90AF86007DBD5C /* ApplicationView.swift in Sources */,
			);
			runOnlyForDeploymentPostprocessing = 0;
		};
/* End PBXSourcesBuildPhase section */

/* Begin XCBuildConfiguration section */
		FB275C592C90AF62007DBD5C /* Debug */ = {
			isa = XCBuildConfiguration;
			buildSettings = {
				ALWAYS_SEARCH_USER_PATHS = NO;
				ASSETCATALOG_COMPILER_GENERATE_SWIFT_ASSET_SYMBOL_EXTENSIONS = YES;
				CLANG_ANALYZER_NONNULL = YES;
				CLANG_ANALYZER_NUMBER_OBJECT_CONVERSION = YES_AGGRESSIVE;
				CLANG_CXX_LANGUAGE_STANDARD = "gnu++20";
				CLANG_ENABLE_MODULES = YES;
				CLANG_ENABLE_OBJC_ARC = YES;
				CLANG_ENABLE_OBJC_WEAK = YES;
				CLANG_WARN_BLOCK_CAPTURE_AUTORELEASING = YES;
				CLANG_WARN_BOOL_CONVERSION = YES;
				CLANG_WARN_COMMA = YES;
				CLANG_WARN_CONSTANT_CONVERSION = YES;
				CLANG_WARN_DEPRECATED_OBJC_IMPLEMENTATIONS = YES;
				CLANG_WARN_DIRECT_OBJC_ISA_USAGE = YES_ERROR;
				CLANG_WARN_DOCUMENTATION_COMMENTS = YES;
				CLANG_WARN_EMPTY_BODY = YES;
				CLANG_WARN_ENUM_CONVERSION = YES;
				CLANG_WARN_INFINITE_RECURSION = YES;
				CLANG_WARN_INT_CONVERSION = YES;
				CLANG_WARN_NON_LITERAL_NULL_CONVERSION = YES;
				CLANG_WARN_OBJC_IMPLICIT_RETAIN_SELF = YES;
				CLANG_WARN_OBJC_LITERAL_CONVERSION = YES;
				CLANG_WARN_OBJC_ROOT_CLASS = YES_ERROR;
				CLANG_WARN_QUOTED_INCLUDE_IN_FRAMEWORK_HEADER = YES;
				CLANG_WARN_RANGE_LOOP_ANALYSIS = YES;
				CLANG_WARN_STRICT_PROTOTYPES = YES;
				CLANG_WARN_SUSPICIOUS_MOVE = YES;
				CLANG_WARN_UNGUARDED_AVAILABILITY = YES_AGGRESSIVE;
				CLANG_WARN_UNREACHABLE_CODE = YES;
				CLANG_WARN__DUPLICATE_METHOD_MATCH = YES;
				COPY_PHASE_STRIP = NO;
				DEBUG_INFORMATION_FORMAT = dwarf;
				ENABLE_STRICT_OBJC_MSGSEND = YES;
				ENABLE_TESTABILITY = YES;
				ENABLE_USER_SCRIPT_SANDBOXING = YES;
				GCC_C_LANGUAGE_STANDARD = gnu17;
				GCC_DYNAMIC_NO_PIC = NO;
				GCC_NO_COMMON_BLOCKS = YES;
				GCC_OPTIMIZATION_LEVEL = 0;
				GCC_PREPROCESSOR_DEFINITIONS = (
					"DEBUG=1",
					"$(inherited)",
				);
				GCC_WARN_64_TO_32_BIT_CONVERSION = YES;
				GCC_WARN_ABOUT_RETURN_TYPE = YES_ERROR;
				GCC_WARN_UNDECLARED_SELECTOR = YES;
				GCC_WARN_UNINITIALIZED_AUTOS = YES_AGGRESSIVE;
				GCC_WARN_UNUSED_FUNCTION = YES;
				GCC_WARN_UNUSED_VARIABLE = YES;
				IPHONEOS_DEPLOYMENT_TARGET = 17.5;
				LOCALIZATION_PREFERS_STRING_CATALOGS = YES;
				MTL_ENABLE_DEBUG_INFO = INCLUDE_SOURCE;
				MTL_FAST_MATH = YES;
				ONLY_ACTIVE_ARCH = YES;
				SDKROOT = iphoneos;
				SWIFT_ACTIVE_COMPILATION_CONDITIONS = "DEBUG $(inherited)";
				SWIFT_OPTIMIZATION_LEVEL = "-Onone";
			};
			name = Debug;
		};
		FB275C5A2C90AF62007DBD5C /* Release */ = {
			isa = XCBuildConfiguration;
			buildSettings = {
				ALWAYS_SEARCH_USER_PATHS = NO;
				ASSETCATALOG_COMPILER_GENERATE_SWIFT_ASSET_SYMBOL_EXTENSIONS = YES;
				CLANG_ANALYZER_NONNULL = YES;
				CLANG_ANALYZER_NUMBER_OBJECT_CONVERSION = YES_AGGRESSIVE;
				CLANG_CXX_LANGUAGE_STANDARD = "gnu++20";
				CLANG_ENABLE_MODULES = YES;
				CLANG_ENABLE_OBJC_ARC = YES;
				CLANG_ENABLE_OBJC_WEAK = YES;
				CLANG_WARN_BLOCK_CAPTURE_AUTORELEASING = YES;
				CLANG_WARN_BOOL_CONVERSION = YES;
				CLANG_WARN_COMMA = YES;
				CLANG_WARN_CONSTANT_CONVERSION = YES;
				CLANG_WARN_DEPRECATED_OBJC_IMPLEMENTATIONS = YES;
				CLANG_WARN_DIRECT_OBJC_ISA_USAGE = YES_ERROR;
				CLANG_WARN_DOCUMENTATION_COMMENTS = YES;
				CLANG_WARN_EMPTY_BODY = YES;
				CLANG_WARN_ENUM_CONVERSION = YES;
				CLANG_WARN_INFINITE_RECURSION = YES;
				CLANG_WARN_INT_CONVERSION = YES;
				CLANG_WARN_NON_LITERAL_NULL_CONVERSION = YES;
				CLANG_WARN_OBJC_IMPLICIT_RETAIN_SELF = YES;
				CLANG_WARN_OBJC_LITERAL_CONVERSION = YES;
				CLANG_WARN_OBJC_ROOT_CLASS = YES_ERROR;
				CLANG_WARN_QUOTED_INCLUDE_IN_FRAMEWORK_HEADER = YES;
				CLANG_WARN_RANGE_LOOP_ANALYSIS = YES;
				CLANG_WARN_STRICT_PROTOTYPES = YES;
				CLANG_WARN_SUSPICIOUS_MOVE = YES;
				CLANG_WARN_UNGUARDED_AVAILABILITY = YES_AGGRESSIVE;
				CLANG_WARN_UNREACHABLE_CODE = YES;
				CLANG_WARN__DUPLICATE_METHOD_MATCH = YES;
				COPY_PHASE_STRIP = NO;
				DEBUG_INFORMATION_FORMAT = "dwarf-with-dsym";
				ENABLE_NS_ASSERTIONS = NO;
				ENABLE_STRICT_OBJC_MSGSEND = YES;
				ENABLE_USER_SCRIPT_SANDBOXING = YES;
				GCC_C_LANGUAGE_STANDARD = gnu17;
				GCC_NO_COMMON_BLOCKS = YES;
				GCC_WARN_64_TO_32_BIT_CONVERSION = YES;
				GCC_WARN_ABOUT_RETURN_TYPE = YES_ERROR;
				GCC_WARN_UNDECLARED_SELECTOR = YES;
				GCC_WARN_UNINITIALIZED_AUTOS = YES_AGGRESSIVE;
				GCC_WARN_UNUSED_FUNCTION = YES;
				GCC_WARN_UNUSED_VARIABLE = YES;
				IPHONEOS_DEPLOYMENT_TARGET = 17.5;
				LOCALIZATION_PREFERS_STRING_CATALOGS = YES;
				MTL_ENABLE_DEBUG_INFO = NO;
				MTL_FAST_MATH = YES;
				SDKROOT = iphoneos;
				SWIFT_COMPILATION_MODE = wholemodule;
				VALIDATE_PRODUCT = YES;
			};
			name = Release;
		};
		FB275C5C2C90AF62007DBD5C /* Debug */ = {
			isa = XCBuildConfiguration;
			buildSettings = {
				ASSETCATALOG_COMPILER_APPICON_NAME = AppIcon;
				ASSETCATALOG_COMPILER_GLOBAL_ACCENT_COLOR_NAME = AccentColor;
				CODE_SIGN_STYLE = Automatic;
				CURRENT_PROJECT_VERSION = 1;
				DEVELOPMENT_ASSET_PATHS = "\"ThingsView/Preview Content\"";
				ENABLE_PREVIEWS = YES;
				GENERATE_INFOPLIST_FILE = YES;
				INFOPLIST_KEY_UIApplicationSceneManifest_Generation = YES;
				INFOPLIST_KEY_UIApplicationSupportsIndirectInputEvents = YES;
				INFOPLIST_KEY_UILaunchScreen_Generation = YES;
				INFOPLIST_KEY_UISupportedInterfaceOrientations_iPad = "UIInterfaceOrientationPortrait UIInterfaceOrientationPortraitUpsideDown UIInterfaceOrientationLandscapeLeft UIInterfaceOrientationLandscapeRight";
				INFOPLIST_KEY_UISupportedInterfaceOrientations_iPhone = "UIInterfaceOrientationPortrait UIInterfaceOrientationLandscapeLeft UIInterfaceOrientationLandscapeRight";
				LD_RUNPATH_SEARCH_PATHS = (
					"$(inherited)",
					"@executable_path/Frameworks",
				);
				MARKETING_VERSION = 1.0;
				PRODUCT_BUNDLE_IDENTIFIER = tec.mx.ThingsView;
				PRODUCT_NAME = "$(TARGET_NAME)";
				SWIFT_EMIT_LOC_STRINGS = YES;
				SWIFT_VERSION = 5.0;
				TARGETED_DEVICE_FAMILY = "1,2";
			};
			name = Debug;
		};
		FB275C5D2C90AF62007DBD5C /* Release */ = {
			isa = XCBuildConfiguration;
			buildSettings = {
				ASSETCATALOG_COMPILER_APPICON_NAME = AppIcon;
				ASSETCATALOG_COMPILER_GLOBAL_ACCENT_COLOR_NAME = AccentColor;
				CODE_SIGN_STYLE = Automatic;
				CURRENT_PROJECT_VERSION = 1;
				DEVELOPMENT_ASSET_PATHS = "\"ThingsView/Preview Content\"";
				ENABLE_PREVIEWS = YES;
				GENERATE_INFOPLIST_FILE = YES;
				INFOPLIST_KEY_UIApplicationSceneManifest_Generation = YES;
				INFOPLIST_KEY_UIApplicationSupportsIndirectInputEvents = YES;
				INFOPLIST_KEY_UILaunchScreen_Generation = YES;
				INFOPLIST_KEY_UISupportedInterfaceOrientations_iPad = "UIInterfaceOrientationPortrait UIInterfaceOrientationPortraitUpsideDown UIInterfaceOrientationLandscapeLeft UIInterfaceOrientationLandscapeRight";
				INFOPLIST_KEY_UISupportedInterfaceOrientations_iPhone = "UIInterfaceOrientationPortrait UIInterfaceOrientationLandscapeLeft UIInterfaceOrientationLandscapeRight";
				LD_RUNPATH_SEARCH_PATHS = (
					"$(inherited)",
					"@executable_path/Frameworks",
				);
				MARKETING_VERSION = 1.0;
				PRODUCT_BUNDLE_IDENTIFIER = tec.mx.ThingsView;
				PRODUCT_NAME = "$(TARGET_NAME)";
				SWIFT_EMIT_LOC_STRINGS = YES;
				SWIFT_VERSION = 5.0;
				TARGETED_DEVICE_FAMILY = "1,2";
			};
			name = Release;
		};
/* End XCBuildConfiguration section */

/* Begin XCConfigurationList section */
		FB275C482C90AF61007DBD5C /* Build configuration list for PBXProject "ProjectPulse" */ = {
			isa = XCConfigurationList;
			buildConfigurations = (
				FB275C592C90AF62007DBD5C /* Debug */,
				FB275C5A2C90AF62007DBD5C /* Release */,
			);
			defaultConfigurationIsVisible = 0;
			defaultConfigurationName = Release;
		};
		FB275C5B2C90AF62007DBD5C /* Build configuration list for PBXNativeTarget "ProjectPulse" */ = {
			isa = XCConfigurationList;
			buildConfigurations = (
				FB275C5C2C90AF62007DBD5C /* Debug */,
				FB275C5D2C90AF62007DBD5C /* Release */,
			);
			defaultConfigurationIsVisible = 0;
			defaultConfigurationName = Release;
		};
/* End XCConfigurationList section */
	};
	rootObject = FB275C452C90AF61007DBD5C /* Project object */;
}
